
Microsoft Visual Studio Solution File, Format Version 12.00
# Visual Studio 15
VisualStudioVersion = 15.0.28307.572
MinimumVisualStudioVersion = 10.0.40219.1
Project("{FAE04EC0-301F-11D3-BF4B-00C04F79EFBC}") = "View", "View\View.csproj", "{E75C48E0-DA90-48A0-A3AA-7BBFBEE2F378}"
EndProject
Project("{FAE04EC0-301F-11D3-BF4B-00C04F79EFBC}") = "Model", "Model\Model.csproj", "{4BD11B51-A290-4946-917C-B414DA36098A}"
EndProject
Project("{FAE04EC0-301F-11D3-BF4B-00C04F79EFBC}") = "Repository", "Repository\Repository.csproj", "{99E01343-00C1-47A2-BE4E-F50624E38E1D}"
EndProject
Global
	GlobalSection(SolutionConfigurationPlatforms) = preSolution
		Debug|Any CPU = Debug|Any CPU
		Release|Any CPU = Release|Any CPU
	EndGlobalSection
	GlobalSection(ProjectConfigurationPlatforms) = postSolution
		{E75C48E0-DA90-48A0-A3AA-7BBFBEE2F378}.Debug|Any CPU.ActiveCfg = Debug|Any CPU
		{E75C48E0-DA90-48A0-A3AA-7BBFBEE2F378}.Debug|Any CPU.Build.0 = Debug|Any CPU
		{E75C48E0-DA90-48A0-A3AA-7BBFBEE2F378}.Release|Any CPU.ActiveCfg = Release|Any CPU
		{E75C48E0-DA90-48A0-A3AA-7BBFBEE2F378}.Release|Any CPU.Build.0 = Release|Any CPU
		{4BD11B51-A290-4946-917C-B414DA36098A}.Debug|Any CPU.ActiveCfg = Debug|Any CPU
		{4BD11B51-A290-4946-917C-B414DA36098A}.Debug|Any CPU.Build.0 = Debug|Any CPU
		{4BD11B51-A290-4946-917C-B414DA36098A}.Release|Any CPU.ActiveCfg = Release|Any CPU
		{4BD11B51-A290-4946-917C-B414DA36098A}.Release|Any CPU.Build.0 = Release|Any CPU
		{99E01343-00C1-47A2-BE4E-F50624E38E1D}.Debug|Any CPU.ActiveCfg = Debug|Any CPU
		{99E01343-00C1-47A2-BE4E-F50624E38E1D}.Debug|Any CPU.Build.0 = Debug|Any CPU
		{99E01343-00C1-47A2-BE4E-F50624E38E1D}.Release|Any CPU.ActiveCfg = Release|Any CPU
		{99E01343-00C1-47A2-BE4E-F50624E38E1D}.Release|Any CPU.Build.0 = Release|Any CPU
	EndGlobalSection
	GlobalSection(SolutionProperties) = preSolution
		HideSolutionNode = FALSE
	EndGlobalSection
	GlobalSection(ExtensibilityGlobals) = postSolution
		SolutionGuid = {52938E22-D4D8-48E8-A1D2-CAF75BAA2F6D}
	EndGlobalSection
EndGlobal
